
Microsoft Visual Studio Solution File, Format Version 12.00
# Visual Studio 15
VisualStudioVersion = 15.0.27703.2042
MinimumVisualStudioVersion = 10.0.40219.1
Project("{FAE04EC0-301F-11D3-BF4B-00C04F79EFBC}") = "MVC-validation-on-server", "MVC-validation-on-server\MVC-validation-on-server.csproj", "{158A2137-3416-4D03-BEF8-32713180C836}"
EndProject
Global
	GlobalSection(SolutionConfigurationPlatforms) = preSolution
		Debug|Any CPU = Debug|Any CPU
		Release|Any CPU = Release|Any CPU
	EndGlobalSection
	GlobalSection(ProjectConfigurationPlatforms) = postSolution
		{158A2137-3416-4D03-BEF8-32713180C836}.Debug|Any CPU.ActiveCfg = Debug|Any CPU
		{158A2137-3416-4D03-BEF8-32713180C836}.Debug|Any CPU.Build.0 = Debug|Any CPU
		{158A2137-3416-4D03-BEF8-32713180C836}.Release|Any CPU.ActiveCfg = Release|Any CPU
		{158A2137-3416-4D03-BEF8-32713180C836}.Release|Any CPU.Build.0 = Release|Any CPU
	EndGlobalSection
	GlobalSection(SolutionProperties) = preSolution
		HideSolutionNode = FALSE
	EndGlobalSection
	GlobalSection(ExtensibilityGlobals) = postSolution
		SolutionGuid = {AD278106-5749-4A74-8C8F-E09C52C9903B}
	EndGlobalSection
EndGlobal
